
Microsoft Visual Studio Solution File, Format Version 12.00
# Visual Studio 14
VisualStudioVersion = 14.0.23107.0
MinimumVisualStudioVersion = 10.0.40219.1
Project("{FAE04EC0-301F-11D3-BF4B-00C04F79EFBC}") = "Codility", "Codility\Codility.csproj", "{7A594CA0-53D4-4A2C-A1C5-DAAC5CBA0112}"
EndProject
Project("{FAE04EC0-301F-11D3-BF4B-00C04F79EFBC}") = "CodilityClassLibrary", "CodilityClassLibrary\CodilityClassLibrary.csproj", "{CF9CD386-581B-41CD-9745-7C64A8FABF50}"
EndProject
Project("{FAE04EC0-301F-11D3-BF4B-00C04F79EFBC}") = "CodilityTestProject", "CodilityTestProject\CodilityTestProject.csproj", "{3A8D785D-3F29-4A62-9547-7A57D949A2A8}"
EndProject
Global
	GlobalSection(SolutionConfigurationPlatforms) = preSolution
		Debug|Any CPU = Debug|Any CPU
		Release|Any CPU = Release|Any CPU
	EndGlobalSection
	GlobalSection(ProjectConfigurationPlatforms) = postSolution
		{7A594CA0-53D4-4A2C-A1C5-DAAC5CBA0112}.Debug|Any CPU.ActiveCfg = Debug|Any CPU
		{7A594CA0-53D4-4A2C-A1C5-DAAC5CBA0112}.Debug|Any CPU.Build.0 = Debug|Any CPU
		{7A594CA0-53D4-4A2C-A1C5-DAAC5CBA0112}.Release|Any CPU.ActiveCfg = Release|Any CPU
		{7A594CA0-53D4-4A2C-A1C5-DAAC5CBA0112}.Release|Any CPU.Build.0 = Release|Any CPU
		{CF9CD386-581B-41CD-9745-7C64A8FABF50}.Debug|Any CPU.ActiveCfg = Debug|Any CPU
		{CF9CD386-581B-41CD-9745-7C64A8FABF50}.Debug|Any CPU.Build.0 = Debug|Any CPU
		{CF9CD386-581B-41CD-9745-7C64A8FABF50}.Release|Any CPU.ActiveCfg = Release|Any CPU
		{CF9CD386-581B-41CD-9745-7C64A8FABF50}.Release|Any CPU.Build.0 = Release|Any CPU
		{3A8D785D-3F29-4A62-9547-7A57D949A2A8}.Debug|Any CPU.ActiveCfg = Debug|Any CPU
		{3A8D785D-3F29-4A62-9547-7A57D949A2A8}.Debug|Any CPU.Build.0 = Debug|Any CPU
		{3A8D785D-3F29-4A62-9547-7A57D949A2A8}.Release|Any CPU.ActiveCfg = Release|Any CPU
		{3A8D785D-3F29-4A62-9547-7A57D949A2A8}.Release|Any CPU.Build.0 = Release|Any CPU
	EndGlobalSection
	GlobalSection(SolutionProperties) = preSolution
		HideSolutionNode = FALSE
	EndGlobalSection
EndGlobal
